
Microsoft Visual Studio Solution File, Format Version 12.00
Project("{FAE04EC0-301F-11D3-BF4B-00C04F79EFBC}") = "COS730.web", "COS730.web\COS730.web.csproj", "{D4D93156-9781-4252-9DA7-473C93D4290D}"
EndProject
Project("{FAE04EC0-301F-11D3-BF4B-00C04F79EFBC}") = "COS730.Backend", "COS730.Backend\COS730.Backend.csproj", "{9DD6803C-21D6-4C4E-A577-82B0E8A55043}"
EndProject
Global
	GlobalSection(SolutionConfigurationPlatforms) = preSolution
		Debug|Any CPU = Debug|Any CPU
		Release|Any CPU = Release|Any CPU
	EndGlobalSection
	GlobalSection(ProjectConfigurationPlatforms) = postSolution
		{D4D93156-9781-4252-9DA7-473C93D4290D}.Debug|Any CPU.ActiveCfg = Debug|Any CPU
		{D4D93156-9781-4252-9DA7-473C93D4290D}.Debug|Any CPU.Build.0 = Debug|Any CPU
		{D4D93156-9781-4252-9DA7-473C93D4290D}.Release|Any CPU.ActiveCfg = Release|Any CPU
		{D4D93156-9781-4252-9DA7-473C93D4290D}.Release|Any CPU.Build.0 = Release|Any CPU
		{9DD6803C-21D6-4C4E-A577-82B0E8A55043}.Debug|Any CPU.ActiveCfg = Debug|Any CPU
		{9DD6803C-21D6-4C4E-A577-82B0E8A55043}.Debug|Any CPU.Build.0 = Debug|Any CPU
		{9DD6803C-21D6-4C4E-A577-82B0E8A55043}.Release|Any CPU.ActiveCfg = Release|Any CPU
		{9DD6803C-21D6-4C4E-A577-82B0E8A55043}.Release|Any CPU.Build.0 = Release|Any CPU
	EndGlobalSection
EndGlobal
